
Microsoft Visual Studio Solution File, Format Version 12.00
# Visual Studio Version 17
VisualStudioVersion = 17.1.32210.238
MinimumVisualStudioVersion = 10.0.40219.1
Project("{FAE04EC0-301F-11D3-BF4B-00C04F79EFBC}") = "ClassSixHomework", "ClassSixHomework\ClassSixHomework.csproj", "{CD8BBBBB-BC81-40BA-BC82-31B1DFAC800C}"
EndProject
Global
	GlobalSection(SolutionConfigurationPlatforms) = preSolution
		Debug|Any CPU = Debug|Any CPU
		Release|Any CPU = Release|Any CPU
	EndGlobalSection
	GlobalSection(ProjectConfigurationPlatforms) = postSolution
		{CD8BBBBB-BC81-40BA-BC82-31B1DFAC800C}.Debug|Any CPU.ActiveCfg = Debug|Any CPU
		{CD8BBBBB-BC81-40BA-BC82-31B1DFAC800C}.Debug|Any CPU.Build.0 = Debug|Any CPU
		{CD8BBBBB-BC81-40BA-BC82-31B1DFAC800C}.Release|Any CPU.ActiveCfg = Release|Any CPU
		{CD8BBBBB-BC81-40BA-BC82-31B1DFAC800C}.Release|Any CPU.Build.0 = Release|Any CPU
	EndGlobalSection
	GlobalSection(SolutionProperties) = preSolution
		HideSolutionNode = FALSE
	EndGlobalSection
	GlobalSection(ExtensibilityGlobals) = postSolution
		SolutionGuid = {BAF0502B-24F6-4EA3-BF04-8F8DA5F2C878}
	EndGlobalSection
EndGlobal
